
Microsoft Visual Studio Solution File, Format Version 12.00
# Visual Studio Version 17
VisualStudioVersion = 17.14.36414.22 d17.14
MinimumVisualStudioVersion = 10.0.40219.1
Project("{FAE04EC0-301F-11D3-BF4B-00C04F79EFBC}") = "Sparkle", "Sparkle.csproj", "{D14F7206-E076-4D5B-919C-64E027F5D19B}"
EndProject
Global
	GlobalSection(SolutionConfigurationPlatforms) = preSolution
		Debug|Any CPU = Debug|Any CPU
		Release|Any CPU = Release|Any CPU
	EndGlobalSection
	GlobalSection(ProjectConfigurationPlatforms) = postSolution
		{D14F7206-E076-4D5B-919C-64E027F5D19B}.Debug|Any CPU.ActiveCfg = Debug|Any CPU
		{D14F7206-E076-4D5B-919C-64E027F5D19B}.Debug|Any CPU.Build.0 = Debug|Any CPU
		{D14F7206-E076-4D5B-919C-64E027F5D19B}.Release|Any CPU.ActiveCfg = Release|Any CPU
		{D14F7206-E076-4D5B-919C-64E027F5D19B}.Release|Any CPU.Build.0 = Release|Any CPU
	EndGlobalSection
	GlobalSection(SolutionProperties) = preSolution
		HideSolutionNode = FALSE
	EndGlobalSection
	GlobalSection(ExtensibilityGlobals) = postSolution
		SolutionGuid = {01225425-AAB3-4791-879D-5C8CE0075344}
	EndGlobalSection
EndGlobal
